{
    "_readme": [
        "This file locks the dependencies of your project to a known state",
        "Read more about it at https://getcomposer.org/doc/01-basic-usage.md#composer-lock-the-lock-file",
        "This file is @generated automatically"
    ],
    "hash": "32e2fe00ecccd5887cb76dce2e657c8e",
    "content-hash": "31e1a231748c35d1284cd29a7e192704",
    "packages": [
        {
            "name": "simple-crud/simple-crud",
            "version": "v6.8.0",
            "source": {
                "type": "git",
                "url": "https://github.com/oscarotero/simple-crud.git",
                "reference": "a39ee3f2c415237816c4521501336eaf4964bdb5"
            },
            "dist": {
                "type": "zip",
                "url": "https://api.github.com/repos/oscarotero/simple-crud/zipball/a39ee3f2c415237816c4521501336eaf4964bdb5",
                "reference": "a39ee3f2c415237816c4521501336eaf4964bdb5",
                "shasum": ""
            },
            "require": {
                "php": ">=5.4"
            },
            "require-dev": {
                "zendframework/zend-diactoros": "^1.3"
            },
            "type": "library",
            "autoload": {
                "psr-4": {
                    "SimpleCrud\\": "src"
                }
            },
            "notification-url": "https://packagist.org/downloads/",
            "license": [
                "MIT"
            ],
            "authors": [
                {
                    "name": "Oscar Otero",
                    "email": "oom@oscarotero.com",
                    "homepage": "http://oscarotero.com",
                    "role": "Developer"
                }
            ],
            "description": "Create/Read/Update/Delete easily",
            "homepage": "https://github.com/oscarotero/simple-crud",
            "keywords": [
                "crud",
                "mysql",
                "sqlite"
            ],
            "time": "2016-11-06 16:09:16"
        }
    ],
    "packages-dev": [],
    "aliases": [],
    "minimum-stability": "stable",
    "stability-flags": [],
    "prefer-stable": false,
    "prefer-lowest": false,
    "platform": [],
    "platform-dev": []
}
